// !$*UTF8*$!
{
	archiveVersion = 1;
	classes = {
	};
	objectVersion = 51;
	objects = {

/* Begin PBXBuildFile section */
		0D43DEED22AA406314F99BDD /* Pods_stattrackerUITests.framework in Frameworks */ = {isa = PBXBuildFile; fileRef = 837C59D61C9CA918AC524230 /* Pods_stattrackerUITests.framework */; };
		7223237022E56D9B009C0881 /* CardillService.swift in Sources */ = {isa = PBXBuildFile; fileRef = 7223236F22E56D9B009C0881 /* CardillService.swift */; };
		7223237222E56E83009C0881 /* AuthService.swift in Sources */ = {isa = PBXBuildFile; fileRef = 7223237122E56E83009C0881 /* AuthService.swift */; };
		7223D12C22E649DD00743AD1 /* BoxScoreCollectionViewCell.swift in Sources */ = {isa = PBXBuildFile; fileRef = 7223D12422E649DC00743AD1 /* BoxScoreCollectionViewCell.swift */; };
		7223D12D22E649DD00743AD1 /* GameDaysViewController.swift in Sources */ = {isa = PBXBuildFile; fileRef = 7223D12522E649DC00743AD1 /* GameDaysViewController.swift */; };
		7223D12E22E649DD00743AD1 /* GameDay.swift in Sources */ = {isa = PBXBuildFile; fileRef = 7223D12622E649DC00743AD1 /* GameDay.swift */; };
		7223D12F22E649DD00743AD1 /* StickyGridCollectionViewLayout.swift in Sources */ = {isa = PBXBuildFile; fileRef = 7223D12722E649DC00743AD1 /* StickyGridCollectionViewLayout.swift */; };
		7223D13022E649DD00743AD1 /* GameDayTableViewCell.swift in Sources */ = {isa = PBXBuildFile; fileRef = 7223D12822E649DD00743AD1 /* GameDayTableViewCell.swift */; };
		7223D13122E649DD00743AD1 /* BoxScoreViewController.swift in Sources */ = {isa = PBXBuildFile; fileRef = 7223D12922E649DD00743AD1 /* BoxScoreViewController.swift */; };
		7223D13222E649DD00743AD1 /* FirebaseViewController.swift in Sources */ = {isa = PBXBuildFile; fileRef = 7223D12A22E649DD00743AD1 /* FirebaseViewController.swift */; };
		72484FE322E8294800AD7D07 /* Colors.xcassets in Resources */ = {isa = PBXBuildFile; fileRef = 72484FE222E8294800AD7D07 /* Colors.xcassets */; };
		72685FF022E546300077B1D4 /* AppDelegate.swift in Sources */ = {isa = PBXBuildFile; fileRef = 72685FEF22E546300077B1D4 /* AppDelegate.swift */; };
		72685FF422E546300077B1D4 /* SecondViewController.swift in Sources */ = {isa = PBXBuildFile; fileRef = 72685FF322E546300077B1D4 /* SecondViewController.swift */; };
		72685FF722E546300077B1D4 /* Main.storyboard in Resources */ = {isa = PBXBuildFile; fileRef = 72685FF522E546300077B1D4 /* Main.storyboard */; };
		72685FF922E546320077B1D4 /* Assets.xcassets in Resources */ = {isa = PBXBuildFile; fileRef = 72685FF822E546320077B1D4 /* Assets.xcassets */; };
		72685FFC22E546320077B1D4 /* LaunchScreen.storyboard in Resources */ = {isa = PBXBuildFile; fileRef = 72685FFA22E546320077B1D4 /* LaunchScreen.storyboard */; };
		7268600722E546320077B1D4 /* stattrackerTests.swift in Sources */ = {isa = PBXBuildFile; fileRef = 7268600622E546320077B1D4 /* stattrackerTests.swift */; };
		7268601222E546320077B1D4 /* stattrackerUITests.swift in Sources */ = {isa = PBXBuildFile; fileRef = 7268601122E546320077B1D4 /* stattrackerUITests.swift */; };
		72A972C822E652D700816A4F /* GoogleService-Info.plist in Resources */ = {isa = PBXBuildFile; fileRef = 72A972C722E652D700816A4F /* GoogleService-Info.plist */; };
		72A972DC22E770BC00816A4F /* League.swift in Sources */ = {isa = PBXBuildFile; fileRef = 72A972DB22E770BC00816A4F /* League.swift */; };
		72A972DE22E7712100816A4F /* LeagueResponse.swift in Sources */ = {isa = PBXBuildFile; fileRef = 72A972DD22E7712100816A4F /* LeagueResponse.swift */; };
		72A972E022E776AE00816A4F /* AuthResponse.swift in Sources */ = {isa = PBXBuildFile; fileRef = 72A972DF22E776AE00816A4F /* AuthResponse.swift */; };
		72A972E222E779CD00816A4F /* GameDaysResponse.swift in Sources */ = {isa = PBXBuildFile; fileRef = 72A972E122E779CD00816A4F /* GameDaysResponse.swift */; };
		72A972E422E77A3D00816A4F /* GameDayResponse.swift in Sources */ = {isa = PBXBuildFile; fileRef = 72A972E322E77A3D00816A4F /* GameDayResponse.swift */; };
		72A972E622E77B8B00816A4F /* PlayerTotalStatsForGameDay.swift in Sources */ = {isa = PBXBuildFile; fileRef = 72A972E522E77B8B00816A4F /* PlayerTotalStatsForGameDay.swift */; };
		72A972EA22E7F0E400816A4F /* Utilities.swift in Sources */ = {isa = PBXBuildFile; fileRef = 72A972E922E7F0E400816A4F /* Utilities.swift */; };
		72A972EC22E7F3BF00816A4F /* StatsViewController.swift in Sources */ = {isa = PBXBuildFile; fileRef = 72A972EB22E7F3BF00816A4F /* StatsViewController.swift */; };
		72DBC01622E7FA560051437B /* PlayerAverageStats.swift in Sources */ = {isa = PBXBuildFile; fileRef = 72DBC01522E7FA560051437B /* PlayerAverageStats.swift */; };
		72DBC01822E7FB6D0051437B /* PlayerStatsResponse.swift in Sources */ = {isa = PBXBuildFile; fileRef = 72DBC01722E7FB6D0051437B /* PlayerStatsResponse.swift */; };
		72DBC01A22E7FBCD0051437B /* StatsResponse.swift in Sources */ = {isa = PBXBuildFile; fileRef = 72DBC01922E7FBCD0051437B /* StatsResponse.swift */; };
		9E3D30720D3B39DFB080E5EB /* Pods_stattrackerTests.framework in Frameworks */ = {isa = PBXBuildFile; fileRef = 2715353F9D7150C6FDA83742 /* Pods_stattrackerTests.framework */; };
		A74618F2E1B076F3D7226451 /* Pods_stattracker.framework in Frameworks */ = {isa = PBXBuildFile; fileRef = 2C2941CE44383019AF898AD3 /* Pods_stattracker.framework */; };
/* End PBXBuildFile section */

/* Begin PBXContainerItemProxy section */
		7268600322E546320077B1D4 /* PBXContainerItemProxy */ = {
			isa = PBXContainerItemProxy;
			containerPortal = 72685FE422E546300077B1D4 /* Project object */;
			proxyType = 1;
			remoteGlobalIDString = 72685FEB22E546300077B1D4;
			remoteInfo = stattracker;
		};
		7268600E22E546320077B1D4 /* PBXContainerItemProxy */ = {
			isa = PBXContainerItemProxy;
			containerPortal = 72685FE422E546300077B1D4 /* Project object */;
			proxyType = 1;
			remoteGlobalIDString = 72685FEB22E546300077B1D4;
			remoteInfo = stattracker;
		};
/* End PBXContainerItemProxy section */

/* Begin PBXFileReference section */
		2715353F9D7150C6FDA83742 /* Pods_stattrackerTests.framework */ = {isa = PBXFileReference; explicitFileType = wrapper.framework; includeInIndex = 0; path = Pods_stattrackerTests.framework; sourceTree = BUILT_PRODUCTS_DIR; };
		2C2941CE44383019AF898AD3 /* Pods_stattracker.framework */ = {isa = PBXFileReference; explicitFileType = wrapper.framework; includeInIndex = 0; path = Pods_stattracker.framework; sourceTree = BUILT_PRODUCTS_DIR; };
		3F647C7C1E4F909975A47614 /* Pods-stattrackerTests.release.xcconfig */ = {isa = PBXFileReference; includeInIndex = 1; lastKnownFileType = text.xcconfig; name = "Pods-stattrackerTests.release.xcconfig"; path = "Target Support Files/Pods-stattrackerTests/Pods-stattrackerTests.release.xcconfig"; sourceTree = "<group>"; };
		61A3BBBF9CF2D1F65AC439BD /* Pods-stattrackerUITests.release.xcconfig */ = {isa = PBXFileReference; includeInIndex = 1; lastKnownFileType = text.xcconfig; name = "Pods-stattrackerUITests.release.xcconfig"; path = "Target Support Files/Pods-stattrackerUITests/Pods-stattrackerUITests.release.xcconfig"; sourceTree = "<group>"; };
		6A01CE3C715E132750B9F175 /* Pods-stattracker.release.xcconfig */ = {isa = PBXFileReference; includeInIndex = 1; lastKnownFileType = text.xcconfig; name = "Pods-stattracker.release.xcconfig"; path = "Target Support Files/Pods-stattracker/Pods-stattracker.release.xcconfig"; sourceTree = "<group>"; };
		7223236F22E56D9B009C0881 /* CardillService.swift */ = {isa = PBXFileReference; lastKnownFileType = sourcecode.swift; path = CardillService.swift; sourceTree = "<group>"; };
		7223237122E56E83009C0881 /* AuthService.swift */ = {isa = PBXFileReference; lastKnownFileType = sourcecode.swift; path = AuthService.swift; sourceTree = "<group>"; };
		7223D12422E649DC00743AD1 /* BoxScoreCollectionViewCell.swift */ = {isa = PBXFileReference; fileEncoding = 4; lastKnownFileType = sourcecode.swift; path = BoxScoreCollectionViewCell.swift; sourceTree = "<group>"; };
		7223D12522E649DC00743AD1 /* GameDaysViewController.swift */ = {isa = PBXFileReference; fileEncoding = 4; lastKnownFileType = sourcecode.swift; path = GameDaysViewController.swift; sourceTree = "<group>"; };
		7223D12622E649DC00743AD1 /* GameDay.swift */ = {isa = PBXFileReference; fileEncoding = 4; lastKnownFileType = sourcecode.swift; path = GameDay.swift; sourceTree = "<group>"; };
		7223D12722E649DC00743AD1 /* StickyGridCollectionViewLayout.swift */ = {isa = PBXFileReference; fileEncoding = 4; lastKnownFileType = sourcecode.swift; path = StickyGridCollectionViewLayout.swift; sourceTree = "<group>"; };
		7223D12822E649DD00743AD1 /* GameDayTableViewCell.swift */ = {isa = PBXFileReference; fileEncoding = 4; lastKnownFileType = sourcecode.swift; path = GameDayTableViewCell.swift; sourceTree = "<group>"; };
		7223D12922E649DD00743AD1 /* BoxScoreViewController.swift */ = {isa = PBXFileReference; fileEncoding = 4; lastKnownFileType = sourcecode.swift; path = BoxScoreViewController.swift; sourceTree = "<group>"; };
		7223D12A22E649DD00743AD1 /* FirebaseViewController.swift */ = {isa = PBXFileReference; fileEncoding = 4; lastKnownFileType = sourcecode.swift; path = FirebaseViewController.swift; sourceTree = "<group>"; };
		72484FE222E8294800AD7D07 /* Colors.xcassets */ = {isa = PBXFileReference; lastKnownFileType = folder.assetcatalog; path = Colors.xcassets; sourceTree = "<group>"; };
		72685FEC22E546300077B1D4 /* stattracker.app */ = {isa = PBXFileReference; explicitFileType = wrapper.application; includeInIndex = 0; path = stattracker.app; sourceTree = BUILT_PRODUCTS_DIR; };
		72685FEF22E546300077B1D4 /* AppDelegate.swift */ = {isa = PBXFileReference; lastKnownFileType = sourcecode.swift; path = AppDelegate.swift; sourceTree = "<group>"; };
		72685FF322E546300077B1D4 /* SecondViewController.swift */ = {isa = PBXFileReference; lastKnownFileType = sourcecode.swift; path = SecondViewController.swift; sourceTree = "<group>"; };
		72685FF622E546300077B1D4 /* Base */ = {isa = PBXFileReference; lastKnownFileType = file.storyboard; name = Base; path = Base.lproj/Main.storyboard; sourceTree = "<group>"; };
		72685FF822E546320077B1D4 /* Assets.xcassets */ = {isa = PBXFileReference; lastKnownFileType = folder.assetcatalog; path = Assets.xcassets; sourceTree = "<group>"; };
		72685FFB22E546320077B1D4 /* Base */ = {isa = PBXFileReference; lastKnownFileType = file.storyboard; name = Base; path = Base.lproj/LaunchScreen.storyboard; sourceTree = "<group>"; };
		72685FFD22E546320077B1D4 /* Info.plist */ = {isa = PBXFileReference; lastKnownFileType = text.plist.xml; path = Info.plist; sourceTree = "<group>"; };
		7268600222E546320077B1D4 /* stattrackerTests.xctest */ = {isa = PBXFileReference; explicitFileType = wrapper.cfbundle; includeInIndex = 0; path = stattrackerTests.xctest; sourceTree = BUILT_PRODUCTS_DIR; };
		7268600622E546320077B1D4 /* stattrackerTests.swift */ = {isa = PBXFileReference; lastKnownFileType = sourcecode.swift; path = stattrackerTests.swift; sourceTree = "<group>"; };
		7268600822E546320077B1D4 /* Info.plist */ = {isa = PBXFileReference; lastKnownFileType = text.plist.xml; path = Info.plist; sourceTree = "<group>"; };
		7268600D22E546320077B1D4 /* stattrackerUITests.xctest */ = {isa = PBXFileReference; explicitFileType = wrapper.cfbundle; includeInIndex = 0; path = stattrackerUITests.xctest; sourceTree = BUILT_PRODUCTS_DIR; };
		7268601122E546320077B1D4 /* stattrackerUITests.swift */ = {isa = PBXFileReference; lastKnownFileType = sourcecode.swift; path = stattrackerUITests.swift; sourceTree = "<group>"; };
		7268601322E546320077B1D4 /* Info.plist */ = {isa = PBXFileReference; lastKnownFileType = text.plist.xml; path = Info.plist; sourceTree = "<group>"; };
		72A972C722E652D700816A4F /* GoogleService-Info.plist */ = {isa = PBXFileReference; fileEncoding = 4; lastKnownFileType = text.plist.xml; path = "GoogleService-Info.plist"; sourceTree = "<group>"; };
		72A972DB22E770BC00816A4F /* League.swift */ = {isa = PBXFileReference; lastKnownFileType = sourcecode.swift; path = League.swift; sourceTree = "<group>"; };
		72A972DD22E7712100816A4F /* LeagueResponse.swift */ = {isa = PBXFileReference; lastKnownFileType = sourcecode.swift; path = LeagueResponse.swift; sourceTree = "<group>"; };
		72A972DF22E776AE00816A4F /* AuthResponse.swift */ = {isa = PBXFileReference; lastKnownFileType = sourcecode.swift; path = AuthResponse.swift; sourceTree = "<group>"; };
		72A972E122E779CD00816A4F /* GameDaysResponse.swift */ = {isa = PBXFileReference; lastKnownFileType = sourcecode.swift; path = GameDaysResponse.swift; sourceTree = "<group>"; };
		72A972E322E77A3D00816A4F /* GameDayResponse.swift */ = {isa = PBXFileReference; lastKnownFileType = sourcecode.swift; path = GameDayResponse.swift; sourceTree = "<group>"; };
		72A972E522E77B8B00816A4F /* PlayerTotalStatsForGameDay.swift */ = {isa = PBXFileReference; lastKnownFileType = sourcecode.swift; path = PlayerTotalStatsForGameDay.swift; sourceTree = "<group>"; };
		72A972E922E7F0E400816A4F /* Utilities.swift */ = {isa = PBXFileReference; lastKnownFileType = sourcecode.swift; path = Utilities.swift; sourceTree = "<group>"; };
		72A972EB22E7F3BF00816A4F /* StatsViewController.swift */ = {isa = PBXFileReference; lastKnownFileType = sourcecode.swift; path = StatsViewController.swift; sourceTree = "<group>"; };
		72DBC01522E7FA560051437B /* PlayerAverageStats.swift */ = {isa = PBXFileReference; lastKnownFileType = sourcecode.swift; path = PlayerAverageStats.swift; sourceTree = "<group>"; };
		72DBC01722E7FB6D0051437B /* PlayerStatsResponse.swift */ = {isa = PBXFileReference; lastKnownFileType = sourcecode.swift; path = PlayerStatsResponse.swift; sourceTree = "<group>"; };
		72DBC01922E7FBCD0051437B /* StatsResponse.swift */ = {isa = PBXFileReference; lastKnownFileType = sourcecode.swift; path = StatsResponse.swift; sourceTree = "<group>"; };
		837C59D61C9CA918AC524230 /* Pods_stattrackerUITests.framework */ = {isa = PBXFileReference; explicitFileType = wrapper.framework; includeInIndex = 0; path = Pods_stattrackerUITests.framework; sourceTree = BUILT_PRODUCTS_DIR; };
		C7D56C412CBEC7E3C91145BB /* Pods-stattrackerUITests.debug.xcconfig */ = {isa = PBXFileReference; includeInIndex = 1; lastKnownFileType = text.xcconfig; name = "Pods-stattrackerUITests.debug.xcconfig"; path = "Target Support Files/Pods-stattrackerUITests/Pods-stattrackerUITests.debug.xcconfig"; sourceTree = "<group>"; };
		CB602F0EFA37E1675EC28919 /* Pods-stattrackerTests.debug.xcconfig */ = {isa = PBXFileReference; includeInIndex = 1; lastKnownFileType = text.xcconfig; name = "Pods-stattrackerTests.debug.xcconfig"; path = "Target Support Files/Pods-stattrackerTests/Pods-stattrackerTests.debug.xcconfig"; sourceTree = "<group>"; };
		E750B507A5555A148C747F0E /* Pods-stattracker.debug.xcconfig */ = {isa = PBXFileReference; includeInIndex = 1; lastKnownFileType = text.xcconfig; name = "Pods-stattracker.debug.xcconfig"; path = "Target Support Files/Pods-stattracker/Pods-stattracker.debug.xcconfig"; sourceTree = "<group>"; };
/* End PBXFileReference section */

/* Begin PBXFrameworksBuildPhase section */
		72685FE922E546300077B1D4 /* Frameworks */ = {
			isa = PBXFrameworksBuildPhase;
			buildActionMask = 2147483647;
			files = (
				A74618F2E1B076F3D7226451 /* Pods_stattracker.framework in Frameworks */,
			);
			runOnlyForDeploymentPostprocessing = 0;
		};
		72685FFF22E546320077B1D4 /* Frameworks */ = {
			isa = PBXFrameworksBuildPhase;
			buildActionMask = 2147483647;
			files = (
				9E3D30720D3B39DFB080E5EB /* Pods_stattrackerTests.framework in Frameworks */,
			);
			runOnlyForDeploymentPostprocessing = 0;
		};
		7268600A22E546320077B1D4 /* Frameworks */ = {
			isa = PBXFrameworksBuildPhase;
			buildActionMask = 2147483647;
			files = (
				0D43DEED22AA406314F99BDD /* Pods_stattrackerUITests.framework in Frameworks */,
			);
			runOnlyForDeploymentPostprocessing = 0;
		};
/* End PBXFrameworksBuildPhase section */

/* Begin PBXGroup section */
		1B4F240706145F80A0138112 /* Frameworks */ = {
			isa = PBXGroup;
			children = (
				2C2941CE44383019AF898AD3 /* Pods_stattracker.framework */,
				2715353F9D7150C6FDA83742 /* Pods_stattrackerTests.framework */,
				837C59D61C9CA918AC524230 /* Pods_stattrackerUITests.framework */,
			);
			name = Frameworks;
			sourceTree = "<group>";
		};
		72685FE322E546300077B1D4 = {
			isa = PBXGroup;
			children = (
				72A972C722E652D700816A4F /* GoogleService-Info.plist */,
				72685FEE22E546300077B1D4 /* stattracker */,
				7268600522E546320077B1D4 /* stattrackerTests */,
				7268601022E546320077B1D4 /* stattrackerUITests */,
				72685FED22E546300077B1D4 /* Products */,
				E95E8F2DE812F9F6D79BA4ED /* Pods */,
				1B4F240706145F80A0138112 /* Frameworks */,
			);
			sourceTree = "<group>";
		};
		72685FED22E546300077B1D4 /* Products */ = {
			isa = PBXGroup;
			children = (
				72685FEC22E546300077B1D4 /* stattracker.app */,
				7268600222E546320077B1D4 /* stattrackerTests.xctest */,
				7268600D22E546320077B1D4 /* stattrackerUITests.xctest */,
			);
			name = Products;
			sourceTree = "<group>";
		};
		72685FEE22E546300077B1D4 /* stattracker */ = {
			isa = PBXGroup;
			children = (
				72685FEF22E546300077B1D4 /* AppDelegate.swift */,
				7223D12422E649DC00743AD1 /* BoxScoreCollectionViewCell.swift */,
				7223D12922E649DD00743AD1 /* BoxScoreViewController.swift */,
				7223D12A22E649DD00743AD1 /* FirebaseViewController.swift */,
				72DBC01522E7FA560051437B /* PlayerAverageStats.swift */,
				72A972EB22E7F3BF00816A4F /* StatsViewController.swift */,
				72DBC01722E7FB6D0051437B /* PlayerStatsResponse.swift */,
				72DBC01922E7FBCD0051437B /* StatsResponse.swift */,
				7223D12622E649DC00743AD1 /* GameDay.swift */,
				7223D12522E649DC00743AD1 /* GameDaysViewController.swift */,
				7223D12822E649DD00743AD1 /* GameDayTableViewCell.swift */,
				7223D12722E649DC00743AD1 /* StickyGridCollectionViewLayout.swift */,
				72685FF322E546300077B1D4 /* SecondViewController.swift */,
				72685FF522E546300077B1D4 /* Main.storyboard */,
				72685FF822E546320077B1D4 /* Assets.xcassets */,
				72685FFA22E546320077B1D4 /* LaunchScreen.storyboard */,
				72685FFD22E546320077B1D4 /* Info.plist */,
				7223236F22E56D9B009C0881 /* CardillService.swift */,
				7223237122E56E83009C0881 /* AuthService.swift */,
				72A972E122E779CD00816A4F /* GameDaysResponse.swift */,
				72A972E322E77A3D00816A4F /* GameDayResponse.swift */,
				72A972E522E77B8B00816A4F /* PlayerTotalStatsForGameDay.swift */,
				72A972DF22E776AE00816A4F /* AuthResponse.swift */,
				72A972DB22E770BC00816A4F /* League.swift */,
				72A972DD22E7712100816A4F /* LeagueResponse.swift */,
				72A972E922E7F0E400816A4F /* Utilities.swift */,
				72484FE222E8294800AD7D07 /* Colors.xcassets */,
			);
			path = stattracker;
			sourceTree = "<group>";
		};
		7268600522E546320077B1D4 /* stattrackerTests */ = {
			isa = PBXGroup;
			children = (
				7268600622E546320077B1D4 /* stattrackerTests.swift */,
				7268600822E546320077B1D4 /* Info.plist */,
			);
			path = stattrackerTests;
			sourceTree = "<group>";
		};
		7268601022E546320077B1D4 /* stattrackerUITests */ = {
			isa = PBXGroup;
			children = (
				7268601122E546320077B1D4 /* stattrackerUITests.swift */,
				7268601322E546320077B1D4 /* Info.plist */,
			);
			path = stattrackerUITests;
			sourceTree = "<group>";
		};
		E95E8F2DE812F9F6D79BA4ED /* Pods */ = {
			isa = PBXGroup;
			children = (
				E750B507A5555A148C747F0E /* Pods-stattracker.debug.xcconfig */,
				6A01CE3C715E132750B9F175 /* Pods-stattracker.release.xcconfig */,
				CB602F0EFA37E1675EC28919 /* Pods-stattrackerTests.debug.xcconfig */,
				3F647C7C1E4F909975A47614 /* Pods-stattrackerTests.release.xcconfig */,
				C7D56C412CBEC7E3C91145BB /* Pods-stattrackerUITests.debug.xcconfig */,
				61A3BBBF9CF2D1F65AC439BD /* Pods-stattrackerUITests.release.xcconfig */,
			);
			path = Pods;
			sourceTree = "<group>";
		};
/* End PBXGroup section */

/* Begin PBXNativeTarget section */
		72685FEB22E546300077B1D4 /* stattracker */ = {
			isa = PBXNativeTarget;
			buildConfigurationList = 7268601622E546320077B1D4 /* Build configuration list for PBXNativeTarget "stattracker" */;
			buildPhases = (
				662388AE5B164CAD1882343B /* [CP] Check Pods Manifest.lock */,
				72685FE822E546300077B1D4 /* Sources */,
				72685FE922E546300077B1D4 /* Frameworks */,
				72685FEA22E546300077B1D4 /* Resources */,
				0CD8F7C9FB1FFCB7146D2CD4 /* [CP] Embed Pods Frameworks */,
				A09503CE0E482526570FB366 /* [CP] Copy Pods Resources */,
			);
			buildRules = (
			);
			dependencies = (
			);
			name = stattracker;
			productName = stattracker;
			productReference = 72685FEC22E546300077B1D4 /* stattracker.app */;
			productType = "com.apple.product-type.application";
		};
		7268600122E546320077B1D4 /* stattrackerTests */ = {
			isa = PBXNativeTarget;
			buildConfigurationList = 7268601922E546320077B1D4 /* Build configuration list for PBXNativeTarget "stattrackerTests" */;
			buildPhases = (
				9C8DBF69F3C3923FEB8EBC56 /* [CP] Check Pods Manifest.lock */,
				72685FFE22E546320077B1D4 /* Sources */,
				72685FFF22E546320077B1D4 /* Frameworks */,
				7268600022E546320077B1D4 /* Resources */,
			);
			buildRules = (
			);
			dependencies = (
				7268600422E546320077B1D4 /* PBXTargetDependency */,
			);
			name = stattrackerTests;
			productName = stattrackerTests;
			productReference = 7268600222E546320077B1D4 /* stattrackerTests.xctest */;
			productType = "com.apple.product-type.bundle.unit-test";
		};
		7268600C22E546320077B1D4 /* stattrackerUITests */ = {
			isa = PBXNativeTarget;
			buildConfigurationList = 7268601C22E546320077B1D4 /* Build configuration list for PBXNativeTarget "stattrackerUITests" */;
			buildPhases = (
				053981FC9B8085E34D067F4A /* [CP] Check Pods Manifest.lock */,
				7268600922E546320077B1D4 /* Sources */,
				7268600A22E546320077B1D4 /* Frameworks */,
				7268600B22E546320077B1D4 /* Resources */,
			);
			buildRules = (
			);
			dependencies = (
				7268600F22E546320077B1D4 /* PBXTargetDependency */,
			);
			name = stattrackerUITests;
			productName = stattrackerUITests;
			productReference = 7268600D22E546320077B1D4 /* stattrackerUITests.xctest */;
			productType = "com.apple.product-type.bundle.ui-testing";
		};
/* End PBXNativeTarget section */

/* Begin PBXProject section */
		72685FE422E546300077B1D4 /* Project object */ = {
			isa = PBXProject;
			attributes = {
				LastSwiftUpdateCheck = 1020;
				LastUpgradeCheck = 1020;
				ORGANIZATIONNAME = CardillSports;
				TargetAttributes = {
					72685FEB22E546300077B1D4 = {
						CreatedOnToolsVersion = 10.2.1;
					};
					7268600122E546320077B1D4 = {
						CreatedOnToolsVersion = 10.2.1;
						TestTargetID = 72685FEB22E546300077B1D4;
					};
					7268600C22E546320077B1D4 = {
						CreatedOnToolsVersion = 10.2.1;
						TestTargetID = 72685FEB22E546300077B1D4;
					};
				};
			};
			buildConfigurationList = 72685FE722E546300077B1D4 /* Build configuration list for PBXProject "stattracker" */;
			compatibilityVersion = "Xcode 9.3";
			developmentRegion = en;
			hasScannedForEncodings = 0;
			knownRegions = (
				en,
				Base,
			);
			mainGroup = 72685FE322E546300077B1D4;
			productRefGroup = 72685FED22E546300077B1D4 /* Products */;
			projectDirPath = "";
			projectRoot = "";
			targets = (
				72685FEB22E546300077B1D4 /* stattracker */,
				7268600122E546320077B1D4 /* stattrackerTests */,
				7268600C22E546320077B1D4 /* stattrackerUITests */,
			);
		};
/* End PBXProject section */

/* Begin PBXResourcesBuildPhase section */
		72685FEA22E546300077B1D4 /* Resources */ = {
			isa = PBXResourcesBuildPhase;
			buildActionMask = 2147483647;
			files = (
				72484FE322E8294800AD7D07 /* Colors.xcassets in Resources */,
				72685FFC22E546320077B1D4 /* LaunchScreen.storyboard in Resources */,
				72A972C822E652D700816A4F /* GoogleService-Info.plist in Resources */,
				72685FF922E546320077B1D4 /* Assets.xcassets in Resources */,
				72685FF722E546300077B1D4 /* Main.storyboard in Resources */,
			);
			runOnlyForDeploymentPostprocessing = 0;
		};
		7268600022E546320077B1D4 /* Resources */ = {
			isa = PBXResourcesBuildPhase;
			buildActionMask = 2147483647;
			files = (
			);
			runOnlyForDeploymentPostprocessing = 0;
		};
		7268600B22E546320077B1D4 /* Resources */ = {
			isa = PBXResourcesBuildPhase;
			buildActionMask = 2147483647;
			files = (
			);
			runOnlyForDeploymentPostprocessing = 0;
		};
/* End PBXResourcesBuildPhase section */

/* Begin PBXShellScriptBuildPhase section */
		053981FC9B8085E34D067F4A /* [CP] Check Pods Manifest.lock */ = {
			isa = PBXShellScriptBuildPhase;
			buildActionMask = 2147483647;
			files = (
			);
			inputFileListPaths = (
			);
			inputPaths = (
				"${PODS_PODFILE_DIR_PATH}/Podfile.lock",
				"${PODS_ROOT}/Manifest.lock",
			);
			name = "[CP] Check Pods Manifest.lock";
			outputFileListPaths = (
			);
			outputPaths = (
				"$(DERIVED_FILE_DIR)/Pods-stattrackerUITests-checkManifestLockResult.txt",
			);
			runOnlyForDeploymentPostprocessing = 0;
			shellPath = /bin/sh;
			shellScript = "diff \"${PODS_PODFILE_DIR_PATH}/Podfile.lock\" \"${PODS_ROOT}/Manifest.lock\" > /dev/null\nif [ $? != 0 ] ; then\n    # print error to STDERR\n    echo \"error: The sandbox is not in sync with the Podfile.lock. Run 'pod install' or update your CocoaPods installation.\" >&2\n    exit 1\nfi\n# This output is used by Xcode 'outputs' to avoid re-running this script phase.\necho \"SUCCESS\" > \"${SCRIPT_OUTPUT_FILE_0}\"\n";
			showEnvVarsInLog = 0;
		};
		0CD8F7C9FB1FFCB7146D2CD4 /* [CP] Embed Pods Frameworks */ = {
			isa = PBXShellScriptBuildPhase;
			buildActionMask = 2147483647;
			files = (
			);
			inputFileListPaths = (
				"${PODS_ROOT}/Target Support Files/Pods-stattracker/Pods-stattracker-frameworks-${CONFIGURATION}-input-files.xcfilelist",
			);
			name = "[CP] Embed Pods Frameworks";
			outputFileListPaths = (
				"${PODS_ROOT}/Target Support Files/Pods-stattracker/Pods-stattracker-frameworks-${CONFIGURATION}-output-files.xcfilelist",
			);
			runOnlyForDeploymentPostprocessing = 0;
			shellPath = /bin/sh;
			shellScript = "\"${PODS_ROOT}/Target Support Files/Pods-stattracker/Pods-stattracker-frameworks.sh\"\n";
			showEnvVarsInLog = 0;
		};
		662388AE5B164CAD1882343B /* [CP] Check Pods Manifest.lock */ = {
			isa = PBXShellScriptBuildPhase;
			buildActionMask = 2147483647;
			files = (
			);
			inputFileListPaths = (
			);
			inputPaths = (
				"${PODS_PODFILE_DIR_PATH}/Podfile.lock",
				"${PODS_ROOT}/Manifest.lock",
			);
			name = "[CP] Check Pods Manifest.lock";
			outputFileListPaths = (
			);
			outputPaths = (
				"$(DERIVED_FILE_DIR)/Pods-stattracker-checkManifestLockResult.txt",
			);
			runOnlyForDeploymentPostprocessing = 0;
			shellPath = /bin/sh;
			shellScript = "diff \"${PODS_PODFILE_DIR_PATH}/Podfile.lock\" \"${PODS_ROOT}/Manifest.lock\" > /dev/null\nif [ $? != 0 ] ; then\n    # print error to STDERR\n    echo \"error: The sandbox is not in sync with the Podfile.lock. Run 'pod install' or update your CocoaPods installation.\" >&2\n    exit 1\nfi\n# This output is used by Xcode 'outputs' to avoid re-running this script phase.\necho \"SUCCESS\" > \"${SCRIPT_OUTPUT_FILE_0}\"\n";
			showEnvVarsInLog = 0;
		};
		9C8DBF69F3C3923FEB8EBC56 /* [CP] Check Pods Manifest.lock */ = {
			isa = PBXShellScriptBuildPhase;
			buildActionMask = 2147483647;
			files = (
			);
			inputFileListPaths = (
			);
			inputPaths = (
				"${PODS_PODFILE_DIR_PATH}/Podfile.lock",
				"${PODS_ROOT}/Manifest.lock",
			);
			name = "[CP] Check Pods Manifest.lock";
			outputFileListPaths = (
			);
			outputPaths = (
				"$(DERIVED_FILE_DIR)/Pods-stattrackerTests-checkManifestLockResult.txt",
			);
			runOnlyForDeploymentPostprocessing = 0;
			shellPath = /bin/sh;
			shellScript = "diff \"${PODS_PODFILE_DIR_PATH}/Podfile.lock\" \"${PODS_ROOT}/Manifest.lock\" > /dev/null\nif [ $? != 0 ] ; then\n    # print error to STDERR\n    echo \"error: The sandbox is not in sync with the Podfile.lock. Run 'pod install' or update your CocoaPods installation.\" >&2\n    exit 1\nfi\n# This output is used by Xcode 'outputs' to avoid re-running this script phase.\necho \"SUCCESS\" > \"${SCRIPT_OUTPUT_FILE_0}\"\n";
			showEnvVarsInLog = 0;
		};
		A09503CE0E482526570FB366 /* [CP] Copy Pods Resources */ = {
			isa = PBXShellScriptBuildPhase;
			buildActionMask = 2147483647;
			files = (
			);
			inputFileListPaths = (
				"${PODS_ROOT}/Target Support Files/Pods-stattracker/Pods-stattracker-resources-${CONFIGURATION}-input-files.xcfilelist",
			);
			name = "[CP] Copy Pods Resources";
			outputFileListPaths = (
				"${PODS_ROOT}/Target Support Files/Pods-stattracker/Pods-stattracker-resources-${CONFIGURATION}-output-files.xcfilelist",
			);
			runOnlyForDeploymentPostprocessing = 0;
			shellPath = /bin/sh;
			shellScript = "\"${PODS_ROOT}/Target Support Files/Pods-stattracker/Pods-stattracker-resources.sh\"\n";
			showEnvVarsInLog = 0;
		};
/* End PBXShellScriptBuildPhase section */

/* Begin PBXSourcesBuildPhase section */
		72685FE822E546300077B1D4 /* Sources */ = {
			isa = PBXSourcesBuildPhase;
			buildActionMask = 2147483647;
			files = (
				72A972E622E77B8B00816A4F /* PlayerTotalStatsForGameDay.swift in Sources */,
				72685FF422E546300077B1D4 /* SecondViewController.swift in Sources */,
				72A972E222E779CD00816A4F /* GameDaysResponse.swift in Sources */,
				7223D13022E649DD00743AD1 /* GameDayTableViewCell.swift in Sources */,
				72DBC01822E7FB6D0051437B /* PlayerStatsResponse.swift in Sources */,
				7223D12F22E649DD00743AD1 /* StickyGridCollectionViewLayout.swift in Sources */,
				7223D13222E649DD00743AD1 /* FirebaseViewController.swift in Sources */,
				72DBC01622E7FA560051437B /* PlayerAverageStats.swift in Sources */,
				72A972EA22E7F0E400816A4F /* Utilities.swift in Sources */,
				72A972EC22E7F3BF00816A4F /* StatsViewController.swift in Sources */,
				72A972E022E776AE00816A4F /* AuthResponse.swift in Sources */,
				7223D12D22E649DD00743AD1 /* GameDaysViewController.swift in Sources */,
				72A972E422E77A3D00816A4F /* GameDayResponse.swift in Sources */,
				72685FF022E546300077B1D4 /* AppDelegate.swift in Sources */,
				7223D12C22E649DD00743AD1 /* BoxScoreCollectionViewCell.swift in Sources */,
				7223D13122E649DD00743AD1 /* BoxScoreViewController.swift in Sources */,
				7223D12E22E649DD00743AD1 /* GameDay.swift in Sources */,
				7223237222E56E83009C0881 /* AuthService.swift in Sources */,
				72A972DC22E770BC00816A4F /* League.swift in Sources */,
				72A972DE22E7712100816A4F /* LeagueResponse.swift in Sources */,
				72DBC01A22E7FBCD0051437B /* StatsResponse.swift in Sources */,
				7223237022E56D9B009C0881 /* CardillService.swift in Sources */,
			);
			runOnlyForDeploymentPostprocessing = 0;
		};
		72685FFE22E546320077B1D4 /* Sources */ = {
			isa = PBXSourcesBuildPhase;
			buildActionMask = 2147483647;
			files = (
				7268600722E546320077B1D4 /* stattrackerTests.swift in Sources */,
			);
			runOnlyForDeploymentPostprocessing = 0;
		};
		7268600922E546320077B1D4 /* Sources */ = {
			isa = PBXSourcesBuildPhase;
			buildActionMask = 2147483647;
			files = (
				7268601222E546320077B1D4 /* stattrackerUITests.swift in Sources */,
			);
			runOnlyForDeploymentPostprocessing = 0;
		};
/* End PBXSourcesBuildPhase section */

/* Begin PBXTargetDependency section */
		7268600422E546320077B1D4 /* PBXTargetDependency */ = {
			isa = PBXTargetDependency;
			target = 72685FEB22E546300077B1D4 /* stattracker */;
			targetProxy = 7268600322E546320077B1D4 /* PBXContainerItemProxy */;
		};
		7268600F22E546320077B1D4 /* PBXTargetDependency */ = {
			isa = PBXTargetDependency;
			target = 72685FEB22E546300077B1D4 /* stattracker */;
			targetProxy = 7268600E22E546320077B1D4 /* PBXContainerItemProxy */;
		};
/* End PBXTargetDependency section */

/* Begin PBXVariantGroup section */
		72685FF522E546300077B1D4 /* Main.storyboard */ = {
			isa = PBXVariantGroup;
			children = (
				72685FF622E546300077B1D4 /* Base */,
			);
			name = Main.storyboard;
			sourceTree = "<group>";
		};
		72685FFA22E546320077B1D4 /* LaunchScreen.storyboard */ = {
			isa = PBXVariantGroup;
			children = (
				72685FFB22E546320077B1D4 /* Base */,
			);
			name = LaunchScreen.storyboard;
			sourceTree = "<group>";
		};
/* End PBXVariantGroup section */

/* Begin XCBuildConfiguration section */
		7268601422E546320077B1D4 /* Debug */ = {
			isa = XCBuildConfiguration;
			buildSettings = {
				ALWAYS_SEARCH_USER_PATHS = NO;
				CLANG_ANALYZER_NONNULL = YES;
				CLANG_ANALYZER_NUMBER_OBJECT_CONVERSION = YES_AGGRESSIVE;
				CLANG_CXX_LANGUAGE_STANDARD = "gnu++14";
				CLANG_CXX_LIBRARY = "libc++";
				CLANG_ENABLE_MODULES = YES;
				CLANG_ENABLE_OBJC_ARC = YES;
				CLANG_ENABLE_OBJC_WEAK = YES;
				CLANG_WARN_BLOCK_CAPTURE_AUTORELEASING = YES;
				CLANG_WARN_BOOL_CONVERSION = YES;
				CLANG_WARN_COMMA = YES;
				CLANG_WARN_CONSTANT_CONVERSION = YES;
				CLANG_WARN_DEPRECATED_OBJC_IMPLEMENTATIONS = YES;
				CLANG_WARN_DIRECT_OBJC_ISA_USAGE = YES_ERROR;
				CLANG_WARN_DOCUMENTATION_COMMENTS = YES;
				CLANG_WARN_EMPTY_BODY = YES;
				CLANG_WARN_ENUM_CONVERSION = YES;
				CLANG_WARN_INFINITE_RECURSION = YES;
				CLANG_WARN_INT_CONVERSION = YES;
				CLANG_WARN_NON_LITERAL_NULL_CONVERSION = YES;
				CLANG_WARN_OBJC_IMPLICIT_RETAIN_SELF = YES;
				CLANG_WARN_OBJC_LITERAL_CONVERSION = YES;
				CLANG_WARN_OBJC_ROOT_CLASS = YES_ERROR;
				CLANG_WARN_RANGE_LOOP_ANALYSIS = YES;
				CLANG_WARN_STRICT_PROTOTYPES = YES;
				CLANG_WARN_SUSPICIOUS_MOVE = YES;
				CLANG_WARN_UNGUARDED_AVAILABILITY = YES_AGGRESSIVE;
				CLANG_WARN_UNREACHABLE_CODE = YES;
				CLANG_WARN__DUPLICATE_METHOD_MATCH = YES;
				CODE_SIGN_IDENTITY = "iPhone Developer";
				COPY_PHASE_STRIP = NO;
				DEBUG_INFORMATION_FORMAT = dwarf;
				ENABLE_STRICT_OBJC_MSGSEND = YES;
				ENABLE_TESTABILITY = YES;
				GCC_C_LANGUAGE_STANDARD = gnu11;
				GCC_DYNAMIC_NO_PIC = NO;
				GCC_NO_COMMON_BLOCKS = YES;
				GCC_OPTIMIZATION_LEVEL = 0;
				GCC_PREPROCESSOR_DEFINITIONS = (
					"DEBUG=1",
					"$(inherited)",
				);
				GCC_WARN_64_TO_32_BIT_CONVERSION = YES;
				GCC_WARN_ABOUT_RETURN_TYPE = YES_ERROR;
				GCC_WARN_UNDECLARED_SELECTOR = YES;
				GCC_WARN_UNINITIALIZED_AUTOS = YES_AGGRESSIVE;
				GCC_WARN_UNUSED_FUNCTION = YES;
				GCC_WARN_UNUSED_VARIABLE = YES;
				IPHONEOS_DEPLOYMENT_TARGET = 12.2;
				MTL_ENABLE_DEBUG_INFO = INCLUDE_SOURCE;
				MTL_FAST_MATH = YES;
				ONLY_ACTIVE_ARCH = YES;
				SDKROOT = iphoneos;
				SWIFT_ACTIVE_COMPILATION_CONDITIONS = DEBUG;
				SWIFT_OPTIMIZATION_LEVEL = "-Onone";
			};
			name = Debug;
		};
		7268601522E546320077B1D4 /* Release */ = {
			isa = XCBuildConfiguration;
			buildSettings = {
				ALWAYS_SEARCH_USER_PATHS = NO;
				CLANG_ANALYZER_NONNULL = YES;
				CLANG_ANALYZER_NUMBER_OBJECT_CONVERSION = YES_AGGRESSIVE;
				CLANG_CXX_LANGUAGE_STANDARD = "gnu++14";
				CLANG_CXX_LIBRARY = "libc++";
				CLANG_ENABLE_MODULES = YES;
				CLANG_ENABLE_OBJC_ARC = YES;
				CLANG_ENABLE_OBJC_WEAK = YES;
				CLANG_WARN_BLOCK_CAPTURE_AUTORELEASING = YES;
				CLANG_WARN_BOOL_CONVERSION = YES;
				CLANG_WARN_COMMA = YES;
				CLANG_WARN_CONSTANT_CONVERSION = YES;
				CLANG_WARN_DEPRECATED_OBJC_IMPLEMENTATIONS = YES;
				CLANG_WARN_DIRECT_OBJC_ISA_USAGE = YES_ERROR;
				CLANG_WARN_DOCUMENTATION_COMMENTS = YES;
				CLANG_WARN_EMPTY_BODY = YES;
				CLANG_WARN_ENUM_CONVERSION = YES;
				CLANG_WARN_INFINITE_RECURSION = YES;
				CLANG_WARN_INT_CONVERSION = YES;
				CLANG_WARN_NON_LITERAL_NULL_CONVERSION = YES;
				CLANG_WARN_OBJC_IMPLICIT_RETAIN_SELF = YES;
				CLANG_WARN_OBJC_LITERAL_CONVERSION = YES;
				CLANG_WARN_OBJC_ROOT_CLASS = YES_ERROR;
				CLANG_WARN_RANGE_LOOP_ANALYSIS = YES;
				CLANG_WARN_STRICT_PROTOTYPES = YES;
				CLANG_WARN_SUSPICIOUS_MOVE = YES;
				CLANG_WARN_UNGUARDED_AVAILABILITY = YES_AGGRESSIVE;
				CLANG_WARN_UNREACHABLE_CODE = YES;
				CLANG_WARN__DUPLICATE_METHOD_MATCH = YES;
				CODE_SIGN_IDENTITY = "iPhone Developer";
				COPY_PHASE_STRIP = NO;
				DEBUG_INFORMATION_FORMAT = "dwarf-with-dsym";
				ENABLE_NS_ASSERTIONS = NO;
				ENABLE_STRICT_OBJC_MSGSEND = YES;
				GCC_C_LANGUAGE_STANDARD = gnu11;
				GCC_NO_COMMON_BLOCKS = YES;
				GCC_WARN_64_TO_32_BIT_CONVERSION = YES;
				GCC_WARN_ABOUT_RETURN_TYPE = YES_ERROR;
				GCC_WARN_UNDECLARED_SELECTOR = YES;
				GCC_WARN_UNINITIALIZED_AUTOS = YES_AGGRESSIVE;
				GCC_WARN_UNUSED_FUNCTION = YES;
				GCC_WARN_UNUSED_VARIABLE = YES;
				IPHONEOS_DEPLOYMENT_TARGET = 12.2;
				MTL_ENABLE_DEBUG_INFO = NO;
				MTL_FAST_MATH = YES;
				SDKROOT = iphoneos;
				SWIFT_COMPILATION_MODE = wholemodule;
				SWIFT_OPTIMIZATION_LEVEL = "-O";
				VALIDATE_PRODUCT = YES;
			};
			name = Release;
		};
		7268601722E546320077B1D4 /* Debug */ = {
			isa = XCBuildConfiguration;
			baseConfigurationReference = E750B507A5555A148C747F0E /* Pods-stattracker.debug.xcconfig */;
			buildSettings = {
				API_BASE_URL = "https://test-cardillsports-stattracker.herokuapp.com";
				ASSETCATALOG_COMPILER_APPICON_NAME = AppIcon;
				CODE_SIGN_STYLE = Automatic;
				INFOPLIST_FILE = stattracker/Info.plist;
				LD_RUNPATH_SEARCH_PATHS = (
					"$(inherited)",
					"@executable_path/Frameworks",
				);
				PRODUCT_BUNDLE_IDENTIFIER = com.cardill.sports.stattracker;
				PRODUCT_NAME = "$(TARGET_NAME)";
				SWIFT_VERSION = 5.0;
				TARGETED_DEVICE_FAMILY = "1,2";
			};
			name = Debug;
		};
		7268601822E546320077B1D4 /* Release */ = {
			isa = XCBuildConfiguration;
			baseConfigurationReference = 6A01CE3C715E132750B9F175 /* Pods-stattracker.release.xcconfig */;
			buildSettings = {
				API_BASE_URL = "https://api-cardillsports-st.herokuapp.com";
				ASSETCATALOG_COMPILER_APPICON_NAME = AppIcon;
				CODE_SIGN_STYLE = Automatic;
				INFOPLIST_FILE = stattracker/Info.plist;
				LD_RUNPATH_SEARCH_PATHS = (
					"$(inherited)",
					"@executable_path/Frameworks",
				);
				PRODUCT_BUNDLE_IDENTIFIER = com.cardill.sports.stattracker;
				PRODUCT_NAME = "$(TARGET_NAME)";
				SWIFT_VERSION = 5.0;
				TARGETED_DEVICE_FAMILY = "1,2";
			};
			name = Release;
		};
		7268601A22E546320077B1D4 /* Debug */ = {
			isa = XCBuildConfiguration;
			baseConfigurationReference = CB602F0EFA37E1675EC28919 /* Pods-stattrackerTests.debug.xcconfig */;
			buildSettings = {
				ALWAYS_EMBED_SWIFT_STANDARD_LIBRARIES = YES;
				BUNDLE_LOADER = "$(TEST_HOST)";
				CODE_SIGN_STYLE = Automatic;
				INFOPLIST_FILE = stattrackerTests/Info.plist;
				LD_RUNPATH_SEARCH_PATHS = (
					"$(inherited)",
					"@executable_path/Frameworks",
					"@loader_path/Frameworks",
				);
				PRODUCT_BUNDLE_IDENTIFIER = com.cardill.sports.stattrackerTests;
				PRODUCT_NAME = "$(TARGET_NAME)";
				SWIFT_VERSION = 5.0;
				TARGETED_DEVICE_FAMILY = "1,2";
				TEST_HOST = "$(BUILT_PRODUCTS_DIR)/stattracker.app/stattracker";
			};
			name = Debug;
		};
		7268601B22E546320077B1D4 /* Release */ = {
			isa = XCBuildConfiguration;
			baseConfigurationReference = 3F647C7C1E4F909975A47614 /* Pods-stattrackerTests.release.xcconfig */;
			buildSettings = {
				ALWAYS_EMBED_SWIFT_STANDARD_LIBRARIES = YES;
				BUNDLE_LOADER = "$(TEST_HOST)";
				CODE_SIGN_STYLE = Automatic;
				INFOPLIST_FILE = stattrackerTests/Info.plist;
				LD_RUNPATH_SEARCH_PATHS = (
					"$(inherited)",
					"@executable_path/Frameworks",
					"@loader_path/Frameworks",
				);
				PRODUCT_BUNDLE_IDENTIFIER = com.cardill.sports.stattrackerTests;
				PRODUCT_NAME = "$(TARGET_NAME)";
				SWIFT_VERSION = 5.0;
				TARGETED_DEVICE_FAMILY = "1,2";
				TEST_HOST = "$(BUILT_PRODUCTS_DIR)/stattracker.app/stattracker";
			};
			name = Release;
		};
		7268601D22E546320077B1D4 /* Debug */ = {
			isa = XCBuildConfiguration;
			baseConfigurationReference = C7D56C412CBEC7E3C91145BB /* Pods-stattrackerUITests.debug.xcconfig */;
			buildSettings = {
				ALWAYS_EMBED_SWIFT_STANDARD_LIBRARIES = YES;
				CODE_SIGN_STYLE = Automatic;
				INFOPLIST_FILE = stattrackerUITests/Info.plist;
				LD_RUNPATH_SEARCH_PATHS = (
					"$(inherited)",
					"@executable_path/Frameworks",
					"@loader_path/Frameworks",
				);
				PRODUCT_BUNDLE_IDENTIFIER = com.cardill.sports.stattrackerUITests;
				PRODUCT_NAME = "$(TARGET_NAME)";
				SWIFT_VERSION = 5.0;
				TARGETED_DEVICE_FAMILY = "1,2";
				TEST_TARGET_NAME = stattracker;
			};
			name = Debug;
		};
		7268601E22E546320077B1D4 /* Release */ = {
			isa = XCBuildConfiguration;
			baseConfigurationReference = 61A3BBBF9CF2D1F65AC439BD /* Pods-stattrackerUITests.release.xcconfig */;
			buildSettings = {
				ALWAYS_EMBED_SWIFT_STANDARD_LIBRARIES = YES;
				CODE_SIGN_STYLE = Automatic;
				INFOPLIST_FILE = stattrackerUITests/Info.plist;
				LD_RUNPATH_SEARCH_PATHS = (
					"$(inherited)",
					"@executable_path/Frameworks",
					"@loader_path/Frameworks",
				);
				PRODUCT_BUNDLE_IDENTIFIER = com.cardill.sports.stattrackerUITests;
				PRODUCT_NAME = "$(TARGET_NAME)";
				SWIFT_VERSION = 5.0;
				TARGETED_DEVICE_FAMILY = "1,2";
				TEST_TARGET_NAME = stattracker;
			};
			name = Release;
		};
/* End XCBuildConfiguration section */

/* Begin XCConfigurationList section */
		72685FE722E546300077B1D4 /* Build configuration list for PBXProject "stattracker" */ = {
			isa = XCConfigurationList;
			buildConfigurations = (
				7268601422E546320077B1D4 /* Debug */,
				7268601522E546320077B1D4 /* Release */,
			);
			defaultConfigurationIsVisible = 0;
			defaultConfigurationName = Release;
		};
		7268601622E546320077B1D4 /* Build configuration list for PBXNativeTarget "stattracker" */ = {
			isa = XCConfigurationList;
			buildConfigurations = (
				7268601722E546320077B1D4 /* Debug */,
				7268601822E546320077B1D4 /* Release */,
			);
			defaultConfigurationIsVisible = 0;
			defaultConfigurationName = Release;
		};
		7268601922E546320077B1D4 /* Build configuration list for PBXNativeTarget "stattrackerTests" */ = {
			isa = XCConfigurationList;
			buildConfigurations = (
				7268601A22E546320077B1D4 /* Debug */,
				7268601B22E546320077B1D4 /* Release */,
			);
			defaultConfigurationIsVisible = 0;
			defaultConfigurationName = Release;
		};
		7268601C22E546320077B1D4 /* Build configuration list for PBXNativeTarget "stattrackerUITests" */ = {
			isa = XCConfigurationList;
			buildConfigurations = (
				7268601D22E546320077B1D4 /* Debug */,
				7268601E22E546320077B1D4 /* Release */,
			);
			defaultConfigurationIsVisible = 0;
			defaultConfigurationName = Release;
		};
/* End XCConfigurationList section */
	};
	rootObject = 72685FE422E546300077B1D4 /* Project object */;
}
